{
  "name": "npmrun",
  "version": "1.0.4",
  "dependencies": {
    "chalk": {
      "version": "1.1.1",
      "from": "chalk@>=1.1.1 <2.0.0",
      "resolved": "https://registry.npmjs.org/chalk/-/chalk-1.1.1.tgz",
      "dependencies": {
        "ansi-styles": {
          "version": "2.1.0",
          "from": "ansi-styles@>=2.1.0 <3.0.0",
          "resolved": "https://registry.npmjs.org/ansi-styles/-/ansi-styles-2.1.0.tgz"
        },
        "escape-string-regexp": {
          "version": "1.0.4",
          "from": "escape-string-regexp@>=1.0.2 <2.0.0",
          "resolved": "https://registry.npmjs.org/escape-string-regexp/-/escape-string-regexp-1.0.4.tgz"
        },
        "has-ansi": {
          "version": "2.0.0",
          "from": "has-ansi@>=2.0.0 <3.0.0",
          "resolved": "https://registry.npmjs.org/has-ansi/-/has-ansi-2.0.0.tgz",
          "dependencies": {
            "ansi-regex": {
              "version": "2.0.0",
              "from": "ansi-regex@>=2.0.0 <3.0.0",
              "resolved": "https://registry.npmjs.org/ansi-regex/-/ansi-regex-2.0.0.tgz"
            }
          }
        },
        "strip-ansi": {
          "version": "3.0.0",
          "from": "strip-ansi@>=3.0.0 <4.0.0",
          "resolved": "https://registry.npmjs.org/strip-ansi/-/strip-ansi-3.0.0.tgz",
          "dependencies": {
            "ansi-regex": {
              "version": "2.0.0",
              "from": "ansi-regex@>=2.0.0 <3.0.0",
              "resolved": "https://registry.npmjs.org/ansi-regex/-/ansi-regex-2.0.0.tgz"
            }
          }
        },
        "supports-color": {
          "version": "2.0.0",
          "from": "supports-color@>=2.0.0 <3.0.0",
          "resolved": "https://registry.npmjs.org/supports-color/-/supports-color-2.0.0.tgz"
        }
      }
    },
    "commander": {
      "version": "2.9.0",
      "from": "commander@>=2.9.0 <3.0.0",
      "resolved": "https://registry.npmjs.org/commander/-/commander-2.9.0.tgz",
      "dependencies": {
        "graceful-readlink": {
          "version": "1.0.1",
          "from": "graceful-readlink@>=1.0.0",
          "resolved": "https://registry.npmjs.org/graceful-readlink/-/graceful-readlink-1.0.1.tgz"
        }
      }
    }
  }
}
